
Microsoft Visual Studio Solution File, Format Version 12.00
# Visual Studio Version 17
VisualStudioVersion = 17.14.37301.10
MinimumVisualStudioVersion = 10.0.40219.1
Project("{FAE04EC0-301F-11D3-BF4B-00C04F79EFBC}") = "AgendaMedica.Api", "AgendaMedica.Api\AgendaMedica.Api.csproj", "{BE537BB9-5827-4174-BDF4-4ABE69938910}"
EndProject
Project("{FAE04EC0-301F-11D3-BF4B-00C04F79EFBC}") = "AgendaMedica.Domain", "AgendaMedica.Domain\AgendaMedica.Domain.csproj", "{C8A23475-1A84-4617-8153-F098674F9B21}"
EndProject
Project("{FAE04EC0-301F-11D3-BF4B-00C04F79EFBC}") = "AgendaMedica.Infrastructure", "AgendaMedica.Infrastructure\AgendaMedica.Infrastructure.csproj", "{F09DF6B2-2076-46EB-807C-2F528042522F}"
EndProject
Project("{FAE04EC0-301F-11D3-BF4B-00C04F79EFBC}") = "AgendaMedica.Application", "AgendaMedica.Application\AgendaMedica.Application.csproj", "{E5189075-EA98-4334-8875-169640F70B6D}"
EndProject
Global
	GlobalSection(SolutionConfigurationPlatforms) = preSolution
		Debug|Any CPU = Debug|Any CPU
		Release|Any CPU = Release|Any CPU
	EndGlobalSection
	GlobalSection(ProjectConfigurationPlatforms) = postSolution
		{BE537BB9-5827-4174-BDF4-4ABE69938910}.Debug|Any CPU.ActiveCfg = Debug|Any CPU
		{BE537BB9-5827-4174-BDF4-4ABE69938910}.Debug|Any CPU.Build.0 = Debug|Any CPU
		{BE537BB9-5827-4174-BDF4-4ABE69938910}.Release|Any CPU.ActiveCfg = Release|Any CPU
		{BE537BB9-5827-4174-BDF4-4ABE69938910}.Release|Any CPU.Build.0 = Release|Any CPU
		{C8A23475-1A84-4617-8153-F098674F9B21}.Debug|Any CPU.ActiveCfg = Debug|Any CPU
		{C8A23475-1A84-4617-8153-F098674F9B21}.Debug|Any CPU.Build.0 = Debug|Any CPU
		{C8A23475-1A84-4617-8153-F098674F9B21}.Release|Any CPU.ActiveCfg = Release|Any CPU
		{C8A23475-1A84-4617-8153-F098674F9B21}.Release|Any CPU.Build.0 = Release|Any CPU
		{F09DF6B2-2076-46EB-807C-2F528042522F}.Debug|Any CPU.ActiveCfg = Debug|Any CPU
		{F09DF6B2-2076-46EB-807C-2F528042522F}.Debug|Any CPU.Build.0 = Debug|Any CPU
		{F09DF6B2-2076-46EB-807C-2F528042522F}.Release|Any CPU.ActiveCfg = Release|Any CPU
		{F09DF6B2-2076-46EB-807C-2F528042522F}.Release|Any CPU.Build.0 = Release|Any CPU
		{E5189075-EA98-4334-8875-169640F70B6D}.Debug|Any CPU.ActiveCfg = Debug|Any CPU
		{E5189075-EA98-4334-8875-169640F70B6D}.Debug|Any CPU.Build.0 = Debug|Any CPU
		{E5189075-EA98-4334-8875-169640F70B6D}.Release|Any CPU.ActiveCfg = Release|Any CPU
		{E5189075-EA98-4334-8875-169640F70B6D}.Release|Any CPU.Build.0 = Release|Any CPU
	EndGlobalSection
	GlobalSection(SolutionProperties) = preSolution
		HideSolutionNode = FALSE
	EndGlobalSection
	GlobalSection(ExtensibilityGlobals) = postSolution
		SolutionGuid = {AA70D988-E184-4309-9EBE-33B0E517F0B5}
	EndGlobalSection
EndGlobal
